// !$*UTF8*$!
{
	archiveVersion = 1;
	classes = {
	};
	objectVersion = 48;
	objects = {

/* Begin PBXBuildFile section */
		DB2AAFF91FBF19C500DE9578 /* Recorder.swift in Sources */ = {isa = PBXBuildFile; fileRef = DB2AAFF81FBF19C500DE9578 /* Recorder.swift */; };
		DB2AAFFB1FBF214A00DE9578 /* Keycodes.swift in Sources */ = {isa = PBXBuildFile; fileRef = DB2AAFFA1FBF214A00DE9578 /* Keycodes.swift */; };
		DB844ECA1FBF137700DA72BD /* AppDelegate.swift in Sources */ = {isa = PBXBuildFile; fileRef = DB844EC91FBF137700DA72BD /* AppDelegate.swift */; };
		DB844ECC1FBF137700DA72BD /* Assets.xcassets in Resources */ = {isa = PBXBuildFile; fileRef = DB844ECB1FBF137700DA72BD /* Assets.xcassets */; };
		DB844ECF1FBF137700DA72BD /* MainMenu.xib in Resources */ = {isa = PBXBuildFile; fileRef = DB844ECD1FBF137700DA72BD /* MainMenu.xib */; };
/* End PBXBuildFile section */

/* Begin PBXFileReference section */
		DB2AAFF81FBF19C500DE9578 /* Recorder.swift */ = {isa = PBXFileReference; lastKnownFileType = sourcecode.swift; path = Recorder.swift; sourceTree = "<group>"; };
		DB2AAFFA1FBF214A00DE9578 /* Keycodes.swift */ = {isa = PBXFileReference; lastKnownFileType = sourcecode.swift; path = Keycodes.swift; sourceTree = "<group>"; };
		DB844EC61FBF137700DA72BD /* Keystats Collector.app */ = {isa = PBXFileReference; explicitFileType = wrapper.application; includeInIndex = 0; path = "Keystats Collector.app"; sourceTree = BUILT_PRODUCTS_DIR; };
		DB844EC91FBF137700DA72BD /* AppDelegate.swift */ = {isa = PBXFileReference; lastKnownFileType = sourcecode.swift; path = AppDelegate.swift; sourceTree = "<group>"; };
		DB844ECB1FBF137700DA72BD /* Assets.xcassets */ = {isa = PBXFileReference; lastKnownFileType = folder.assetcatalog; path = Assets.xcassets; sourceTree = "<group>"; };
		DB844ECE1FBF137700DA72BD /* Base */ = {isa = PBXFileReference; lastKnownFileType = file.xib; name = Base; path = Base.lproj/MainMenu.xib; sourceTree = "<group>"; };
		DB844ED01FBF137700DA72BD /* Info.plist */ = {isa = PBXFileReference; lastKnownFileType = text.plist.xml; path = Info.plist; sourceTree = "<group>"; };
		DB844ED11FBF137700DA72BD /* Keystats_Collector.entitlements */ = {isa = PBXFileReference; lastKnownFileType = text.plist.entitlements; path = Keystats_Collector.entitlements; sourceTree = "<group>"; };
/* End PBXFileReference section */

/* Begin PBXFrameworksBuildPhase section */
		DB844EC31FBF137700DA72BD /* Frameworks */ = {
			isa = PBXFrameworksBuildPhase;
			buildActionMask = 2147483647;
			files = (
			);
			runOnlyForDeploymentPostprocessing = 0;
		};
/* End PBXFrameworksBuildPhase section */

/* Begin PBXGroup section */
		DB844EBD1FBF137700DA72BD = {
			isa = PBXGroup;
			children = (
				DB844EC81FBF137700DA72BD /* Keystats Collector */,
				DB844EC71FBF137700DA72BD /* Products */,
			);
			sourceTree = "<group>";
		};
		DB844EC71FBF137700DA72BD /* Products */ = {
			isa = PBXGroup;
			children = (
				DB844EC61FBF137700DA72BD /* Keystats Collector.app */,
			);
			name = Products;
			sourceTree = "<group>";
		};
		DB844EC81FBF137700DA72BD /* Keystats Collector */ = {
			isa = PBXGroup;
			children = (
				DB844EC91FBF137700DA72BD /* AppDelegate.swift */,
				DB2AAFF81FBF19C500DE9578 /* Recorder.swift */,
				DB2AAFFA1FBF214A00DE9578 /* Keycodes.swift */,
				DB844ECB1FBF137700DA72BD /* Assets.xcassets */,
				DB844ECD1FBF137700DA72BD /* MainMenu.xib */,
				DB844ED01FBF137700DA72BD /* Info.plist */,
				DB844ED11FBF137700DA72BD /* Keystats_Collector.entitlements */,
			);
			path = "Keystats Collector";
			sourceTree = "<group>";
		};
/* End PBXGroup section */

/* Begin PBXNativeTarget section */
		DB844EC51FBF137700DA72BD /* Keystats Collector */ = {
			isa = PBXNativeTarget;
			buildConfigurationList = DB844ED41FBF137700DA72BD /* Build configuration list for PBXNativeTarget "Keystats Collector" */;
			buildPhases = (
				DB844EC21FBF137700DA72BD /* Sources */,
				DB844EC31FBF137700DA72BD /* Frameworks */,
				DB844EC41FBF137700DA72BD /* Resources */,
			);
			buildRules = (
			);
			dependencies = (
			);
			name = "Keystats Collector";
			productName = "Keystats Collector";
			productReference = DB844EC61FBF137700DA72BD /* Keystats Collector.app */;
			productType = "com.apple.product-type.application";
		};
/* End PBXNativeTarget section */

/* Begin PBXProject section */
		DB844EBE1FBF137700DA72BD /* Project object */ = {
			isa = PBXProject;
			attributes = {
				LastSwiftUpdateCheck = 0910;
				LastUpgradeCheck = 0910;
				ORGANIZATIONNAME = "Johan Walles";
				TargetAttributes = {
					DB844EC51FBF137700DA72BD = {
						CreatedOnToolsVersion = 9.1;
						ProvisioningStyle = Automatic;
						SystemCapabilities = {
							com.apple.Sandbox = {
								enabled = 0;
							};
						};
					};
				};
			};
			buildConfigurationList = DB844EC11FBF137700DA72BD /* Build configuration list for PBXProject "Keystats Collector" */;
			compatibilityVersion = "Xcode 8.0";
			developmentRegion = en;
			hasScannedForEncodings = 0;
			knownRegions = (
				en,
				Base,
			);
			mainGroup = DB844EBD1FBF137700DA72BD;
			productRefGroup = DB844EC71FBF137700DA72BD /* Products */;
			projectDirPath = "";
			projectRoot = "";
			targets = (
				DB844EC51FBF137700DA72BD /* Keystats Collector */,
			);
		};
/* End PBXProject section */

/* Begin PBXResourcesBuildPhase section */
		DB844EC41FBF137700DA72BD /* Resources */ = {
			isa = PBXResourcesBuildPhase;
			buildActionMask = 2147483647;
			files = (
				DB844ECC1FBF137700DA72BD /* Assets.xcassets in Resources */,
				DB844ECF1FBF137700DA72BD /* MainMenu.xib in Resources */,
			);
			runOnlyForDeploymentPostprocessing = 0;
		};
/* End PBXResourcesBuildPhase section */

/* Begin PBXSourcesBuildPhase section */
		DB844EC21FBF137700DA72BD /* Sources */ = {
			isa = PBXSourcesBuildPhase;
			buildActionMask = 2147483647;
			files = (
				DB844ECA1FBF137700DA72BD /* AppDelegate.swift in Sources */,
				DB2AAFF91FBF19C500DE9578 /* Recorder.swift in Sources */,
				DB2AAFFB1FBF214A00DE9578 /* Keycodes.swift in Sources */,
			);
			runOnlyForDeploymentPostprocessing = 0;
		};
/* End PBXSourcesBuildPhase section */

/* Begin PBXVariantGroup section */
		DB844ECD1FBF137700DA72BD /* MainMenu.xib */ = {
			isa = PBXVariantGroup;
			children = (
				DB844ECE1FBF137700DA72BD /* Base */,
			);
			name = MainMenu.xib;
			sourceTree = "<group>";
		};
/* End PBXVariantGroup section */

/* Begin XCBuildConfiguration section */
		DB844ED21FBF137700DA72BD /* Debug */ = {
			isa = XCBuildConfiguration;
			buildSettings = {
				ALWAYS_SEARCH_USER_PATHS = NO;
				CLANG_ANALYZER_NONNULL = YES;
				CLANG_ANALYZER_NUMBER_OBJECT_CONVERSION = YES_AGGRESSIVE;
				CLANG_CXX_LANGUAGE_STANDARD = "gnu++14";
				CLANG_CXX_LIBRARY = "libc++";
				CLANG_ENABLE_MODULES = YES;
				CLANG_ENABLE_OBJC_ARC = YES;
				CLANG_WARN_BLOCK_CAPTURE_AUTORELEASING = YES;
				CLANG_WARN_BOOL_CONVERSION = YES;
				CLANG_WARN_COMMA = YES;
				CLANG_WARN_CONSTANT_CONVERSION = YES;
				CLANG_WARN_DIRECT_OBJC_ISA_USAGE = YES_ERROR;
				CLANG_WARN_DOCUMENTATION_COMMENTS = YES;
				CLANG_WARN_EMPTY_BODY = YES;
				CLANG_WARN_ENUM_CONVERSION = YES;
				CLANG_WARN_INFINITE_RECURSION = YES;
				CLANG_WARN_INT_CONVERSION = YES;
				CLANG_WARN_NON_LITERAL_NULL_CONVERSION = YES;
				CLANG_WARN_OBJC_LITERAL_CONVERSION = YES;
				CLANG_WARN_OBJC_ROOT_CLASS = YES_ERROR;
				CLANG_WARN_RANGE_LOOP_ANALYSIS = YES;
				CLANG_WARN_STRICT_PROTOTYPES = YES;
				CLANG_WARN_SUSPICIOUS_MOVE = YES;
				CLANG_WARN_UNGUARDED_AVAILABILITY = YES_AGGRESSIVE;
				CLANG_WARN_UNREACHABLE_CODE = YES;
				CLANG_WARN__DUPLICATE_METHOD_MATCH = YES;
				CODE_SIGN_IDENTITY = "-";
				COPY_PHASE_STRIP = NO;
				DEBUG_INFORMATION_FORMAT = dwarf;
				ENABLE_STRICT_OBJC_MSGSEND = YES;
				ENABLE_TESTABILITY = YES;
				GCC_C_LANGUAGE_STANDARD = gnu11;
				GCC_DYNAMIC_NO_PIC = NO;
				GCC_NO_COMMON_BLOCKS = YES;
				GCC_OPTIMIZATION_LEVEL = 0;
				GCC_PREPROCESSOR_DEFINITIONS = (
					"DEBUG=1",
					"$(inherited)",
				);
				GCC_WARN_64_TO_32_BIT_CONVERSION = YES;
				GCC_WARN_ABOUT_RETURN_TYPE = YES_ERROR;
				GCC_WARN_UNDECLARED_SELECTOR = YES;
				GCC_WARN_UNINITIALIZED_AUTOS = YES_AGGRESSIVE;
				GCC_WARN_UNUSED_FUNCTION = YES;
				GCC_WARN_UNUSED_VARIABLE = YES;
				MACOSX_DEPLOYMENT_TARGET = 10.12;
				MTL_ENABLE_DEBUG_INFO = YES;
				ONLY_ACTIVE_ARCH = YES;
				SDKROOT = macosx;
				SWIFT_ACTIVE_COMPILATION_CONDITIONS = DEBUG;
				SWIFT_OPTIMIZATION_LEVEL = "-Onone";
			};
			name = Debug;
		};
		DB844ED31FBF137700DA72BD /* Release */ = {
			isa = XCBuildConfiguration;
			buildSettings = {
				ALWAYS_SEARCH_USER_PATHS = NO;
				CLANG_ANALYZER_NONNULL = YES;
				CLANG_ANALYZER_NUMBER_OBJECT_CONVERSION = YES_AGGRESSIVE;
				CLANG_CXX_LANGUAGE_STANDARD = "gnu++14";
				CLANG_CXX_LIBRARY = "libc++";
				CLANG_ENABLE_MODULES = YES;
				CLANG_ENABLE_OBJC_ARC = YES;
				CLANG_WARN_BLOCK_CAPTURE_AUTORELEASING = YES;
				CLANG_WARN_BOOL_CONVERSION = YES;
				CLANG_WARN_COMMA = YES;
				CLANG_WARN_CONSTANT_CONVERSION = YES;
				CLANG_WARN_DIRECT_OBJC_ISA_USAGE = YES_ERROR;
				CLANG_WARN_DOCUMENTATION_COMMENTS = YES;
				CLANG_WARN_EMPTY_BODY = YES;
				CLANG_WARN_ENUM_CONVERSION = YES;
				CLANG_WARN_INFINITE_RECURSION = YES;
				CLANG_WARN_INT_CONVERSION = YES;
				CLANG_WARN_NON_LITERAL_NULL_CONVERSION = YES;
				CLANG_WARN_OBJC_LITERAL_CONVERSION = YES;
				CLANG_WARN_OBJC_ROOT_CLASS = YES_ERROR;
				CLANG_WARN_RANGE_LOOP_ANALYSIS = YES;
				CLANG_WARN_STRICT_PROTOTYPES = YES;
				CLANG_WARN_SUSPICIOUS_MOVE = YES;
				CLANG_WARN_UNGUARDED_AVAILABILITY = YES_AGGRESSIVE;
				CLANG_WARN_UNREACHABLE_CODE = YES;
				CLANG_WARN__DUPLICATE_METHOD_MATCH = YES;
				CODE_SIGN_IDENTITY = "-";
				COPY_PHASE_STRIP = NO;
				DEBUG_INFORMATION_FORMAT = "dwarf-with-dsym";
				ENABLE_NS_ASSERTIONS = NO;
				ENABLE_STRICT_OBJC_MSGSEND = YES;
				GCC_C_LANGUAGE_STANDARD = gnu11;
				GCC_NO_COMMON_BLOCKS = YES;
				GCC_WARN_64_TO_32_BIT_CONVERSION = YES;
				GCC_WARN_ABOUT_RETURN_TYPE = YES_ERROR;
				GCC_WARN_UNDECLARED_SELECTOR = YES;
				GCC_WARN_UNINITIALIZED_AUTOS = YES_AGGRESSIVE;
				GCC_WARN_UNUSED_FUNCTION = YES;
				GCC_WARN_UNUSED_VARIABLE = YES;
				MACOSX_DEPLOYMENT_TARGET = 10.12;
				MTL_ENABLE_DEBUG_INFO = NO;
				SDKROOT = macosx;
				SWIFT_OPTIMIZATION_LEVEL = "-Owholemodule";
			};
			name = Release;
		};
		DB844ED51FBF137700DA72BD /* Debug */ = {
			isa = XCBuildConfiguration;
			buildSettings = {
				ASSETCATALOG_COMPILER_APPICON_NAME = AppIcon;
				CODE_SIGN_STYLE = Automatic;
				COMBINE_HIDPI_IMAGES = YES;
				GCC_TREAT_WARNINGS_AS_ERRORS = YES;
				INFOPLIST_FILE = "Keystats Collector/Info.plist";
				LD_RUNPATH_SEARCH_PATHS = "$(inherited) @executable_path/../Frameworks";
				PRODUCT_BUNDLE_IDENTIFIER = "com.gmail.walles.johan.Keystats-Collector";
				PRODUCT_NAME = "$(TARGET_NAME)";
				SWIFT_TREAT_WARNINGS_AS_ERRORS = YES;
				SWIFT_VERSION = 4.0;
			};
			name = Debug;
		};
		DB844ED61FBF137700DA72BD /* Release */ = {
			isa = XCBuildConfiguration;
			buildSettings = {
				ASSETCATALOG_COMPILER_APPICON_NAME = AppIcon;
				CODE_SIGN_STYLE = Automatic;
				COMBINE_HIDPI_IMAGES = YES;
				GCC_TREAT_WARNINGS_AS_ERRORS = YES;
				INFOPLIST_FILE = "Keystats Collector/Info.plist";
				LD_RUNPATH_SEARCH_PATHS = "$(inherited) @executable_path/../Frameworks";
				PRODUCT_BUNDLE_IDENTIFIER = "com.gmail.walles.johan.Keystats-Collector";
				PRODUCT_NAME = "$(TARGET_NAME)";
				SWIFT_TREAT_WARNINGS_AS_ERRORS = YES;
				SWIFT_VERSION = 4.0;
			};
			name = Release;
		};
/* End XCBuildConfiguration section */

/* Begin XCConfigurationList section */
		DB844EC11FBF137700DA72BD /* Build configuration list for PBXProject "Keystats Collector" */ = {
			isa = XCConfigurationList;
			buildConfigurations = (
				DB844ED21FBF137700DA72BD /* Debug */,
				DB844ED31FBF137700DA72BD /* Release */,
			);
			defaultConfigurationIsVisible = 0;
			defaultConfigurationName = Release;
		};
		DB844ED41FBF137700DA72BD /* Build configuration list for PBXNativeTarget "Keystats Collector" */ = {
			isa = XCConfigurationList;
			buildConfigurations = (
				DB844ED51FBF137700DA72BD /* Debug */,
				DB844ED61FBF137700DA72BD /* Release */,
			);
			defaultConfigurationIsVisible = 0;
			defaultConfigurationName = Release;
		};
/* End XCConfigurationList section */
	};
	rootObject = DB844EBE1FBF137700DA72BD /* Project object */;
}
